{
  "object": {
    "pins": [
      {
        "package": "BirdbrainBLE",
        "repositoryURL": "https://github.com/BirdBrainTechnologies/BirdbrainBLE.git",
        "state": {
          "branch": null,
          "revision": "482e9aabada742d38c514c84aedbe5c802205b7c",
          "version": "0.6.2"
        }
      }
    ]
  },
  "version": 1
}
